
Microsoft Visual Studio Solution File, Format Version 12.00
# Visual Studio Version 16
VisualStudioVersion = 16.6.30114.105
MinimumVisualStudioVersion = 10.0.40219.1
Project("{FAE04EC0-301F-11D3-BF4B-00C04F79EFBC}") = "Customers.Api", "Customers.Api\Customers.Api.csproj", "{135EB92D-5B7F-49A1-A423-803CD422B7B1}"
EndProject
Project("{FAE04EC0-301F-11D3-BF4B-00C04F79EFBC}") = "Customers.Domain", "Customers.Domain\Customers.Domain.csproj", "{22CC9A71-5C54-43F2-88E0-2730335B4404}"
EndProject
Project("{FAE04EC0-301F-11D3-BF4B-00C04F79EFBC}") = "Customers.Application", "Customers.Application\Customers.Application.csproj", "{EA0BB8A6-7213-4571-A5DE-75001A4B3A0B}"
EndProject
Project("{FAE04EC0-301F-11D3-BF4B-00C04F79EFBC}") = "Customers.Infrastructure", "Customers.Infrastructure\Customers.Infrastructure.csproj", "{7DE9ED69-213B-4808-BBFA-B8B9ACA0DE6B}"
EndProject
Project("{FAE04EC0-301F-11D3-BF4B-00C04F79EFBC}") = "framework", "..\..\buildingblocks\framework\framework.csproj", "{33140EB5-A7D7-48EF-B19C-F3B89613FBCF}"
EndProject
Global
	GlobalSection(SolutionConfigurationPlatforms) = preSolution
		Debug|Any CPU = Debug|Any CPU
		Debug|x64 = Debug|x64
		Debug|x86 = Debug|x86
		Release|Any CPU = Release|Any CPU
		Release|x64 = Release|x64
		Release|x86 = Release|x86
	EndGlobalSection
	GlobalSection(SolutionProperties) = preSolution
		HideSolutionNode = FALSE
	EndGlobalSection
	GlobalSection(ProjectConfigurationPlatforms) = postSolution
		{135EB92D-5B7F-49A1-A423-803CD422B7B1}.Debug|Any CPU.ActiveCfg = Debug|Any CPU
		{135EB92D-5B7F-49A1-A423-803CD422B7B1}.Debug|Any CPU.Build.0 = Debug|Any CPU
		{135EB92D-5B7F-49A1-A423-803CD422B7B1}.Debug|x64.ActiveCfg = Debug|Any CPU
		{135EB92D-5B7F-49A1-A423-803CD422B7B1}.Debug|x64.Build.0 = Debug|Any CPU
		{135EB92D-5B7F-49A1-A423-803CD422B7B1}.Debug|x86.ActiveCfg = Debug|Any CPU
		{135EB92D-5B7F-49A1-A423-803CD422B7B1}.Debug|x86.Build.0 = Debug|Any CPU
		{135EB92D-5B7F-49A1-A423-803CD422B7B1}.Release|Any CPU.ActiveCfg = Release|Any CPU
		{135EB92D-5B7F-49A1-A423-803CD422B7B1}.Release|Any CPU.Build.0 = Release|Any CPU
		{135EB92D-5B7F-49A1-A423-803CD422B7B1}.Release|x64.ActiveCfg = Release|Any CPU
		{135EB92D-5B7F-49A1-A423-803CD422B7B1}.Release|x64.Build.0 = Release|Any CPU
		{135EB92D-5B7F-49A1-A423-803CD422B7B1}.Release|x86.ActiveCfg = Release|Any CPU
		{135EB92D-5B7F-49A1-A423-803CD422B7B1}.Release|x86.Build.0 = Release|Any CPU
		{22CC9A71-5C54-43F2-88E0-2730335B4404}.Debug|Any CPU.ActiveCfg = Debug|Any CPU
		{22CC9A71-5C54-43F2-88E0-2730335B4404}.Debug|Any CPU.Build.0 = Debug|Any CPU
		{22CC9A71-5C54-43F2-88E0-2730335B4404}.Debug|x64.ActiveCfg = Debug|Any CPU
		{22CC9A71-5C54-43F2-88E0-2730335B4404}.Debug|x64.Build.0 = Debug|Any CPU
		{22CC9A71-5C54-43F2-88E0-2730335B4404}.Debug|x86.ActiveCfg = Debug|Any CPU
		{22CC9A71-5C54-43F2-88E0-2730335B4404}.Debug|x86.Build.0 = Debug|Any CPU
		{22CC9A71-5C54-43F2-88E0-2730335B4404}.Release|Any CPU.ActiveCfg = Release|Any CPU
		{22CC9A71-5C54-43F2-88E0-2730335B4404}.Release|Any CPU.Build.0 = Release|Any CPU
		{22CC9A71-5C54-43F2-88E0-2730335B4404}.Release|x64.ActiveCfg = Release|Any CPU
		{22CC9A71-5C54-43F2-88E0-2730335B4404}.Release|x64.Build.0 = Release|Any CPU
		{22CC9A71-5C54-43F2-88E0-2730335B4404}.Release|x86.ActiveCfg = Release|Any CPU
		{22CC9A71-5C54-43F2-88E0-2730335B4404}.Release|x86.Build.0 = Release|Any CPU
		{EA0BB8A6-7213-4571-A5DE-75001A4B3A0B}.Debug|Any CPU.ActiveCfg = Debug|Any CPU
		{EA0BB8A6-7213-4571-A5DE-75001A4B3A0B}.Debug|Any CPU.Build.0 = Debug|Any CPU
		{EA0BB8A6-7213-4571-A5DE-75001A4B3A0B}.Debug|x64.ActiveCfg = Debug|Any CPU
		{EA0BB8A6-7213-4571-A5DE-75001A4B3A0B}.Debug|x64.Build.0 = Debug|Any CPU
		{EA0BB8A6-7213-4571-A5DE-75001A4B3A0B}.Debug|x86.ActiveCfg = Debug|Any CPU
		{EA0BB8A6-7213-4571-A5DE-75001A4B3A0B}.Debug|x86.Build.0 = Debug|Any CPU
		{EA0BB8A6-7213-4571-A5DE-75001A4B3A0B}.Release|Any CPU.ActiveCfg = Release|Any CPU
		{EA0BB8A6-7213-4571-A5DE-75001A4B3A0B}.Release|Any CPU.Build.0 = Release|Any CPU
		{EA0BB8A6-7213-4571-A5DE-75001A4B3A0B}.Release|x64.ActiveCfg = Release|Any CPU
		{EA0BB8A6-7213-4571-A5DE-75001A4B3A0B}.Release|x64.Build.0 = Release|Any CPU
		{EA0BB8A6-7213-4571-A5DE-75001A4B3A0B}.Release|x86.ActiveCfg = Release|Any CPU
		{EA0BB8A6-7213-4571-A5DE-75001A4B3A0B}.Release|x86.Build.0 = Release|Any CPU
		{7DE9ED69-213B-4808-BBFA-B8B9ACA0DE6B}.Debug|Any CPU.ActiveCfg = Debug|Any CPU
		{7DE9ED69-213B-4808-BBFA-B8B9ACA0DE6B}.Debug|Any CPU.Build.0 = Debug|Any CPU
		{7DE9ED69-213B-4808-BBFA-B8B9ACA0DE6B}.Debug|x64.ActiveCfg = Debug|Any CPU
		{7DE9ED69-213B-4808-BBFA-B8B9ACA0DE6B}.Debug|x64.Build.0 = Debug|Any CPU
		{7DE9ED69-213B-4808-BBFA-B8B9ACA0DE6B}.Debug|x86.ActiveCfg = Debug|Any CPU
		{7DE9ED69-213B-4808-BBFA-B8B9ACA0DE6B}.Debug|x86.Build.0 = Debug|Any CPU
		{7DE9ED69-213B-4808-BBFA-B8B9ACA0DE6B}.Release|Any CPU.ActiveCfg = Release|Any CPU
		{7DE9ED69-213B-4808-BBFA-B8B9ACA0DE6B}.Release|Any CPU.Build.0 = Release|Any CPU
		{7DE9ED69-213B-4808-BBFA-B8B9ACA0DE6B}.Release|x64.ActiveCfg = Release|Any CPU
		{7DE9ED69-213B-4808-BBFA-B8B9ACA0DE6B}.Release|x64.Build.0 = Release|Any CPU
		{7DE9ED69-213B-4808-BBFA-B8B9ACA0DE6B}.Release|x86.ActiveCfg = Release|Any CPU
		{7DE9ED69-213B-4808-BBFA-B8B9ACA0DE6B}.Release|x86.Build.0 = Release|Any CPU
		{33140EB5-A7D7-48EF-B19C-F3B89613FBCF}.Debug|Any CPU.ActiveCfg = Debug|Any CPU
		{33140EB5-A7D7-48EF-B19C-F3B89613FBCF}.Debug|Any CPU.Build.0 = Debug|Any CPU
		{33140EB5-A7D7-48EF-B19C-F3B89613FBCF}.Debug|x64.ActiveCfg = Debug|Any CPU
		{33140EB5-A7D7-48EF-B19C-F3B89613FBCF}.Debug|x64.Build.0 = Debug|Any CPU
		{33140EB5-A7D7-48EF-B19C-F3B89613FBCF}.Debug|x86.ActiveCfg = Debug|Any CPU
		{33140EB5-A7D7-48EF-B19C-F3B89613FBCF}.Debug|x86.Build.0 = Debug|Any CPU
		{33140EB5-A7D7-48EF-B19C-F3B89613FBCF}.Release|Any CPU.ActiveCfg = Release|Any CPU
		{33140EB5-A7D7-48EF-B19C-F3B89613FBCF}.Release|Any CPU.Build.0 = Release|Any CPU
		{33140EB5-A7D7-48EF-B19C-F3B89613FBCF}.Release|x64.ActiveCfg = Release|Any CPU
		{33140EB5-A7D7-48EF-B19C-F3B89613FBCF}.Release|x64.Build.0 = Release|Any CPU
		{33140EB5-A7D7-48EF-B19C-F3B89613FBCF}.Release|x86.ActiveCfg = Release|Any CPU
		{33140EB5-A7D7-48EF-B19C-F3B89613FBCF}.Release|x86.Build.0 = Release|Any CPU
	EndGlobalSection
EndGlobal
